hash: 1fc1a9bcfbaff3170f329f9ffd47c35ff6e96d62a3ad47c4d97b4b19890b82b5
updated: 2017-12-18T13:03:49.272594488-05:00
imports:
- name: github.com/gorilla/mux
  version: 7f08801859139f86dfafd1c296e2cba9a80d292e
- name: github.com/NYTimes/gziphandler
  version: d6f46609c7629af3a02d791a4666866eed3cbd3e
- name: github.com/urfave/cli
  version: cfb38830724cc34fedffe9a2a29fb54fa9169cd1
testImports: []
